{
  "name": "meerkat",
  "lockfileVersion": 2,
  "requires": true,
  "packages": {
    "": {
      "dependencies": {
        "svelte-select": "^4.4.7",
        "uuid": "^9.0.0"
      }
    },
    "node_modules/svelte-select": {
      "version": "4.4.7",
      "resolved": "https://registry.npmjs.org/svelte-select/-/svelte-select-4.4.7.tgz",
      "integrity": "sha512-fIf9Z8rPI6F8naHZ9wjXT0Pv5gLyhdHAFkHFJnCfVVfELE8e82uOoF0xEVQP6Kir+b4Q5yOvNAzZ61WbSU6A0A=="
    },
    "node_modules/uuid": {
      "version": "9.0.0",
      "resolved": "https://registry.npmjs.org/uuid/-/uuid-9.0.0.tgz",
      "integrity": "sha512-MXcSTerfPa4uqyzStbRoTgt5XIe3x5+42+q1sDuy3R5MDk66URdLMOZe5aPX/SQd+kuYAh0FdP/pO28IkQyTeg==",
      "bin": {
        "uuid": "dist/bin/uuid"
      }
    }
  },
  "dependencies": {
    "svelte-select": {
      "version": "4.4.7",
      "resolved": "https://registry.npmjs.org/svelte-select/-/svelte-select-4.4.7.tgz",
      "integrity": "sha512-fIf9Z8rPI6F8naHZ9wjXT0Pv5gLyhdHAFkHFJnCfVVfELE8e82uOoF0xEVQP6Kir+b4Q5yOvNAzZ61WbSU6A0A=="
    },
    "uuid": {
      "version": "9.0.0",
      "resolved": "https://registry.npmjs.org/uuid/-/uuid-9.0.0.tgz",
      "integrity": "sha512-MXcSTerfPa4uqyzStbRoTgt5XIe3x5+42+q1sDuy3R5MDk66URdLMOZe5aPX/SQd+kuYAh0FdP/pO28IkQyTeg=="
    }
  }
}
